
Microsoft Visual Studio Solution File, Format Version 12.00
# Visual Studio Version 17
VisualStudioVersion = 17.0.31903.59
MinimumVisualStudioVersion = 10.0.40219.1
Project("{9A19103F-16F7-4668-BE54-9A1E7A4F7556}") = "Benchmarks", "src\Benchmarks\Benchmarks.csproj", "{BC7F71FB-6434-4D25-888B-9F5A8D1D8C42}"
EndProject
Project("{9A19103F-16F7-4668-BE54-9A1E7A4F7556}") = "FastBertTokenizer", "src\FastBertTokenizer\FastBertTokenizer.csproj", "{AAF7115E-1ABD-465D-8E93-C01F9CA57A33}"
EndProject
Project("{888888A0-9F3D-457C-B088-3A5042F75D52}") = "RestHuggingfaceTokenizer", "src\HuggingfaceTokenizer\Rest\RestHuggingfaceTokenizer.pyproj", "{8B2FBC6B-8422-4BB4-9249-93884CB52A4E}"
EndProject
Project("{9A19103F-16F7-4668-BE54-9A1E7A4F7556}") = "FastBertTokenizer.Tests", "src\FastBertTokenizer.Tests\FastBertTokenizer.Tests.csproj", "{E414EC82-1D00-4EB3-AD41-CFF620183D5D}"
EndProject
Project("{2150E333-8FDC-42A3-9474-1A3956D46DE8}") = "Solution Items", "Solution Items", "{8D73100E-ADBD-4CAD-AE90-4E1F5611C281}"
	ProjectSection(SolutionItems) = preProject
		.editorconfig = .editorconfig
		Directory.Build.props = Directory.Build.props
		Directory.Build.targets = Directory.Build.targets
		Directory.Packages.props = Directory.Packages.props
		global.json = global.json
		nuget.config = nuget.config
		README.md = README.md
		stylecop.json = stylecop.json
		version.json = version.json
	EndProjectSection
EndProject
Project("{9A19103F-16F7-4668-BE54-9A1E7A4F7556}") = "RustLibWrapper", "src\HuggingfaceTokenizer\RustLibWrapper\RustLibWrapper.csproj", "{9249993D-DFDA-4DD0-86B0-E56940D7B15B}"
EndProject
Project("{9A19103F-16F7-4668-BE54-9A1E7A4F7556}") = "VocabLookup", "src\VocabLookup\VocabLookup.csproj", "{D8DAFBA5-74F8-422A-912C-C0AF4461DAC4}"
EndProject
Project("{2150E333-8FDC-42A3-9474-1A3956D46DE8}") = "Examples", "Examples", "{A69DE405-CBDB-4E71-B283-76A86CDDCA5C}"
EndProject
Project("{9A19103F-16F7-4668-BE54-9A1E7A4F7556}") = "QuickStart", "src\examples\QuickStart\QuickStart.csproj", "{583B2978-8114-4026-B6FB-4A1E4A3BE5D9}"
EndProject
Project("{9A19103F-16F7-4668-BE54-9A1E7A4F7556}") = "SemanticSearch", "src\examples\SemanticSearch\SemanticSearch.csproj", "{C5A6F750-92D2-47F6-823E-890D28DD1F71}"
EndProject
Global
	GlobalSection(SolutionConfigurationPlatforms) = preSolution
		Debug|Any CPU = Debug|Any CPU
		Release|Any CPU = Release|Any CPU
	EndGlobalSection
	GlobalSection(ProjectConfigurationPlatforms) = postSolution
		{BC7F71FB-6434-4D25-888B-9F5A8D1D8C42}.Debug|Any CPU.ActiveCfg = Debug|Any CPU
		{BC7F71FB-6434-4D25-888B-9F5A8D1D8C42}.Debug|Any CPU.Build.0 = Debug|Any CPU
		{BC7F71FB-6434-4D25-888B-9F5A8D1D8C42}.Release|Any CPU.ActiveCfg = Release|Any CPU
		{BC7F71FB-6434-4D25-888B-9F5A8D1D8C42}.Release|Any CPU.Build.0 = Release|Any CPU
		{AAF7115E-1ABD-465D-8E93-C01F9CA57A33}.Debug|Any CPU.ActiveCfg = Debug|Any CPU
		{AAF7115E-1ABD-465D-8E93-C01F9CA57A33}.Debug|Any CPU.Build.0 = Debug|Any CPU
		{AAF7115E-1ABD-465D-8E93-C01F9CA57A33}.Release|Any CPU.ActiveCfg = Release|Any CPU
		{AAF7115E-1ABD-465D-8E93-C01F9CA57A33}.Release|Any CPU.Build.0 = Release|Any CPU
		{8B2FBC6B-8422-4BB4-9249-93884CB52A4E}.Debug|Any CPU.ActiveCfg = Debug|Any CPU
		{8B2FBC6B-8422-4BB4-9249-93884CB52A4E}.Release|Any CPU.ActiveCfg = Release|Any CPU
		{E414EC82-1D00-4EB3-AD41-CFF620183D5D}.Debug|Any CPU.ActiveCfg = Debug|Any CPU
		{E414EC82-1D00-4EB3-AD41-CFF620183D5D}.Debug|Any CPU.Build.0 = Debug|Any CPU
		{E414EC82-1D00-4EB3-AD41-CFF620183D5D}.Release|Any CPU.ActiveCfg = Release|Any CPU
		{E414EC82-1D00-4EB3-AD41-CFF620183D5D}.Release|Any CPU.Build.0 = Release|Any CPU
		{9249993D-DFDA-4DD0-86B0-E56940D7B15B}.Debug|Any CPU.ActiveCfg = Debug|Any CPU
		{9249993D-DFDA-4DD0-86B0-E56940D7B15B}.Debug|Any CPU.Build.0 = Debug|Any CPU
		{9249993D-DFDA-4DD0-86B0-E56940D7B15B}.Release|Any CPU.ActiveCfg = Release|Any CPU
		{9249993D-DFDA-4DD0-86B0-E56940D7B15B}.Release|Any CPU.Build.0 = Release|Any CPU
		{D8DAFBA5-74F8-422A-912C-C0AF4461DAC4}.Debug|Any CPU.ActiveCfg = Debug|Any CPU
		{D8DAFBA5-74F8-422A-912C-C0AF4461DAC4}.Debug|Any CPU.Build.0 = Debug|Any CPU
		{D8DAFBA5-74F8-422A-912C-C0AF4461DAC4}.Release|Any CPU.ActiveCfg = Release|Any CPU
		{D8DAFBA5-74F8-422A-912C-C0AF4461DAC4}.Release|Any CPU.Build.0 = Release|Any CPU
		{583B2978-8114-4026-B6FB-4A1E4A3BE5D9}.Debug|Any CPU.ActiveCfg = Debug|Any CPU
		{583B2978-8114-4026-B6FB-4A1E4A3BE5D9}.Debug|Any CPU.Build.0 = Debug|Any CPU
		{583B2978-8114-4026-B6FB-4A1E4A3BE5D9}.Release|Any CPU.ActiveCfg = Release|Any CPU
		{583B2978-8114-4026-B6FB-4A1E4A3BE5D9}.Release|Any CPU.Build.0 = Release|Any CPU
		{C5A6F750-92D2-47F6-823E-890D28DD1F71}.Debug|Any CPU.ActiveCfg = Debug|Any CPU
		{C5A6F750-92D2-47F6-823E-890D28DD1F71}.Debug|Any CPU.Build.0 = Debug|Any CPU
		{C5A6F750-92D2-47F6-823E-890D28DD1F71}.Release|Any CPU.ActiveCfg = Release|Any CPU
		{C5A6F750-92D2-47F6-823E-890D28DD1F71}.Release|Any CPU.Build.0 = Release|Any CPU
	EndGlobalSection
	GlobalSection(SolutionProperties) = preSolution
		HideSolutionNode = FALSE
	EndGlobalSection
	GlobalSection(NestedProjects) = preSolution
		{583B2978-8114-4026-B6FB-4A1E4A3BE5D9} = {A69DE405-CBDB-4E71-B283-76A86CDDCA5C}
		{C5A6F750-92D2-47F6-823E-890D28DD1F71} = {A69DE405-CBDB-4E71-B283-76A86CDDCA5C}
	EndGlobalSection
	GlobalSection(ExtensibilityGlobals) = postSolution
		SolutionGuid = {83F97F5E-4A6B-4C84-8331-F08C2EACCAF4}
	EndGlobalSection
EndGlobal
